
Microsoft Visual Studio Solution File, Format Version 12.00
# Visual Studio Version 17
VisualStudioVersion = 17.5.002.0
MinimumVisualStudioVersion = 10.0.40219.1
Project("{9A19103F-16F7-4668-BE54-9A1E7A4F7556}") = "BlazingPizza", "BlazingPizza.csproj", "{528269AB-847D-4AF9-A27E-2A092864A2FC}"
EndProject
Global
	GlobalSection(SolutionConfigurationPlatforms) = preSolution
		Debug|Any CPU = Debug|Any CPU
		Release|Any CPU = Release|Any CPU
	EndGlobalSection
	GlobalSection(ProjectConfigurationPlatforms) = postSolution
		{528269AB-847D-4AF9-A27E-2A092864A2FC}.Debug|Any CPU.ActiveCfg = Debug|Any CPU
		{528269AB-847D-4AF9-A27E-2A092864A2FC}.Debug|Any CPU.Build.0 = Debug|Any CPU
		{528269AB-847D-4AF9-A27E-2A092864A2FC}.Release|Any CPU.ActiveCfg = Release|Any CPU
		{528269AB-847D-4AF9-A27E-2A092864A2FC}.Release|Any CPU.Build.0 = Release|Any CPU
	EndGlobalSection
	GlobalSection(SolutionProperties) = preSolution
		HideSolutionNode = FALSE
	EndGlobalSection
	GlobalSection(ExtensibilityGlobals) = postSolution
		SolutionGuid = {35BA2CCA-E79D-4E40-8ECF-98DF6445F468}
	EndGlobalSection
EndGlobal
